
Microsoft Visual Studio Solution File, Format Version 12.00
# Visual Studio Version 17
VisualStudioVersion = 17.13.36105.23 d17.13
MinimumVisualStudioVersion = 10.0.40219.1
Project("{FAE04EC0-301F-11D3-BF4B-00C04F79EFBC}") = "autoapp", "autoapp\autoapp.csproj", "{044B5235-DC5C-4E97-8868-44B372BDE06D}"
EndProject
Global
	GlobalSection(SolutionConfigurationPlatforms) = preSolution
		Debug|Any CPU = Debug|Any CPU
		Release|Any CPU = Release|Any CPU
	EndGlobalSection
	GlobalSection(ProjectConfigurationPlatforms) = postSolution
		{044B5235-DC5C-4E97-8868-44B372BDE06D}.Debug|Any CPU.ActiveCfg = Debug|Any CPU
		{044B5235-DC5C-4E97-8868-44B372BDE06D}.Debug|Any CPU.Build.0 = Debug|Any CPU
		{044B5235-DC5C-4E97-8868-44B372BDE06D}.Release|Any CPU.ActiveCfg = Release|Any CPU
		{044B5235-DC5C-4E97-8868-44B372BDE06D}.Release|Any CPU.Build.0 = Release|Any CPU
	EndGlobalSection
	GlobalSection(SolutionProperties) = preSolution
		HideSolutionNode = FALSE
	EndGlobalSection
	GlobalSection(ExtensibilityGlobals) = postSolution
		SolutionGuid = {67D25CA7-CDBB-4E04-B8E1-10BC5AA4FE60}
	EndGlobalSection
EndGlobal
